
Microsoft Visual Studio Solution File, Format Version 12.00
# Visual Studio 15
VisualStudioVersion = 15.0.28010.2050
MinimumVisualStudioVersion = 10.0.40219.1
Project("{FAE04EC0-301F-11D3-BF4B-00C04F79EFBC}") = "WebAPI_ForGitHub", "WebAPI_ForGitHub\WebAPI_ForGitHub.csproj", "{2CB361CD-D522-4D19-BCA9-A018950B5B18}"
EndProject
Project("{FAE04EC0-301F-11D3-BF4B-00C04F79EFBC}") = "WebAPI_ForGitHub.Tests", "WebAPI_ForGitHub.Tests\WebAPI_ForGitHub.Tests.csproj", "{5380C7AC-F7C6-41DE-A25C-5C6B0DEE43E5}"
EndProject
Global
	GlobalSection(SolutionConfigurationPlatforms) = preSolution
		Debug|Any CPU = Debug|Any CPU
		Release|Any CPU = Release|Any CPU
	EndGlobalSection
	GlobalSection(ProjectConfigurationPlatforms) = postSolution
		{2CB361CD-D522-4D19-BCA9-A018950B5B18}.Debug|Any CPU.ActiveCfg = Debug|Any CPU
		{2CB361CD-D522-4D19-BCA9-A018950B5B18}.Debug|Any CPU.Build.0 = Debug|Any CPU
		{2CB361CD-D522-4D19-BCA9-A018950B5B18}.Release|Any CPU.ActiveCfg = Release|Any CPU
		{2CB361CD-D522-4D19-BCA9-A018950B5B18}.Release|Any CPU.Build.0 = Release|Any CPU
		{5380C7AC-F7C6-41DE-A25C-5C6B0DEE43E5}.Debug|Any CPU.ActiveCfg = Debug|Any CPU
		{5380C7AC-F7C6-41DE-A25C-5C6B0DEE43E5}.Debug|Any CPU.Build.0 = Debug|Any CPU
		{5380C7AC-F7C6-41DE-A25C-5C6B0DEE43E5}.Release|Any CPU.ActiveCfg = Release|Any CPU
		{5380C7AC-F7C6-41DE-A25C-5C6B0DEE43E5}.Release|Any CPU.Build.0 = Release|Any CPU
	EndGlobalSection
	GlobalSection(SolutionProperties) = preSolution
		HideSolutionNode = FALSE
	EndGlobalSection
	GlobalSection(ExtensibilityGlobals) = postSolution
		SolutionGuid = {42C072D6-BAC2-481D-9982-989266023C2F}
	EndGlobalSection
EndGlobal
